// !$*UTF8*$!
{
	archiveVersion = 1;
	classes = {
	};
	objectVersion = 46;
	objects = {

/* Begin PBXBuildFile section */
		89EB0AD11B095012007B9688 /* BNRQuizViewController.m in Sources */ = {isa = PBXBuildFile; fileRef = 89EB0ACF1B095012007B9688 /* BNRQuizViewController.m */; };
		89EB0AD21B095012007B9688 /* BNRQuizViewController.xib in Resources */ = {isa = PBXBuildFile; fileRef = 89EB0AD01B095012007B9688 /* BNRQuizViewController.xib */; };
		F34B774A1B010A6600BEDF05 /* BNRReminderViewController.m in Sources */ = {isa = PBXBuildFile; fileRef = F34B77491B010A6600BEDF05 /* BNRReminderViewController.m */; };
		F34B774C1B010B4900BEDF05 /* BNRReminderViewController.xib in Resources */ = {isa = PBXBuildFile; fileRef = F34B774B1B010B4900BEDF05 /* BNRReminderViewController.xib */; };
		F3D282471B01062500B0FB2D /* Foundation.framework in Frameworks */ = {isa = PBXBuildFile; fileRef = F3D282461B01062500B0FB2D /* Foundation.framework */; };
		F3D282491B01062500B0FB2D /* CoreGraphics.framework in Frameworks */ = {isa = PBXBuildFile; fileRef = F3D282481B01062500B0FB2D /* CoreGraphics.framework */; };
		F3D2824B1B01062500B0FB2D /* UIKit.framework in Frameworks */ = {isa = PBXBuildFile; fileRef = F3D2824A1B01062500B0FB2D /* UIKit.framework */; };
		F3D282511B01062500B0FB2D /* InfoPlist.strings in Resources */ = {isa = PBXBuildFile; fileRef = F3D2824F1B01062500B0FB2D /* InfoPlist.strings */; };
		F3D282531B01062500B0FB2D /* main.m in Sources */ = {isa = PBXBuildFile; fileRef = F3D282521B01062500B0FB2D /* main.m */; };
		F3D282571B01062500B0FB2D /* BNRAppDelegate.m in Sources */ = {isa = PBXBuildFile; fileRef = F3D282561B01062500B0FB2D /* BNRAppDelegate.m */; };
		F3D282591B01062500B0FB2D /* Images.xcassets in Resources */ = {isa = PBXBuildFile; fileRef = F3D282581B01062500B0FB2D /* Images.xcassets */; };
		F3D282601B01062500B0FB2D /* XCTest.framework in Frameworks */ = {isa = PBXBuildFile; fileRef = F3D2825F1B01062500B0FB2D /* XCTest.framework */; };
		F3D282611B01062500B0FB2D /* Foundation.framework in Frameworks */ = {isa = PBXBuildFile; fileRef = F3D282461B01062500B0FB2D /* Foundation.framework */; };
		F3D282621B01062500B0FB2D /* UIKit.framework in Frameworks */ = {isa = PBXBuildFile; fileRef = F3D2824A1B01062500B0FB2D /* UIKit.framework */; };
		F3D2826A1B01062500B0FB2D /* InfoPlist.strings in Resources */ = {isa = PBXBuildFile; fileRef = F3D282681B01062500B0FB2D /* InfoPlist.strings */; };
		F3D2826C1B01062500B0FB2D /* HypnoNerdTests.m in Sources */ = {isa = PBXBuildFile; fileRef = F3D2826B1B01062500B0FB2D /* HypnoNerdTests.m */; };
		F3D282771B01067500B0FB2D /* BNRHypnosisView.m in Sources */ = {isa = PBXBuildFile; fileRef = F3D282761B01067500B0FB2D /* BNRHypnosisView.m */; };
		F3D2827A1B0107EC00B0FB2D /* BNRHypnosisViewController.m in Sources */ = {isa = PBXBuildFile; fileRef = F3D282791B0107EC00B0FB2D /* BNRHypnosisViewController.m */; };
/* End PBXBuildFile section */

/* Begin PBXContainerItemProxy section */
		F3D282631B01062500B0FB2D /* PBXContainerItemProxy */ = {
			isa = PBXContainerItemProxy;
			containerPortal = F3D2823B1B01062500B0FB2D /* Project object */;
			proxyType = 1;
			remoteGlobalIDString = F3D282421B01062500B0FB2D;
			remoteInfo = HypnoNerd;
		};
/* End PBXContainerItemProxy section */

/* Begin PBXFileReference section */
		89EB0ACE1B095012007B9688 /* BNRQuizViewController.h */ = {isa = PBXFileReference; fileEncoding = 4; lastKnownFileType = sourcecode.c.h; path = BNRQuizViewController.h; sourceTree = "<group>"; };
		89EB0ACF1B095012007B9688 /* BNRQuizViewController.m */ = {isa = PBXFileReference; fileEncoding = 4; lastKnownFileType = sourcecode.c.objc; path = BNRQuizViewController.m; sourceTree = "<group>"; };
		89EB0AD01B095012007B9688 /* BNRQuizViewController.xib */ = {isa = PBXFileReference; fileEncoding = 4; lastKnownFileType = file.xib; path = BNRQuizViewController.xib; sourceTree = "<group>"; };
		F34B77481B010A6600BEDF05 /* BNRReminderViewController.h */ = {isa = PBXFileReference; fileEncoding = 4; lastKnownFileType = sourcecode.c.h; path = BNRReminderViewController.h; sourceTree = "<group>"; };
		F34B77491B010A6600BEDF05 /* BNRReminderViewController.m */ = {isa = PBXFileReference; fileEncoding = 4; lastKnownFileType = sourcecode.c.objc; path = BNRReminderViewController.m; sourceTree = "<group>"; };
		F34B774B1B010B4900BEDF05 /* BNRReminderViewController.xib */ = {isa = PBXFileReference; fileEncoding = 4; lastKnownFileType = file.xib; path = BNRReminderViewController.xib; sourceTree = "<group>"; };
		F3D282431B01062500B0FB2D /* HypnoNerd.app */ = {isa = PBXFileReference; explicitFileType = wrapper.application; includeInIndex = 0; path = HypnoNerd.app; sourceTree = BUILT_PRODUCTS_DIR; };
		F3D282461B01062500B0FB2D /* Foundation.framework */ = {isa = PBXFileReference; lastKnownFileType = wrapper.framework; name = Foundation.framework; path = System/Library/Frameworks/Foundation.framework; sourceTree = SDKROOT; };
		F3D282481B01062500B0FB2D /* CoreGraphics.framework */ = {isa = PBXFileReference; lastKnownFileType = wrapper.framework; name = CoreGraphics.framework; path = System/Library/Frameworks/CoreGraphics.framework; sourceTree = SDKROOT; };
		F3D2824A1B01062500B0FB2D /* UIKit.framework */ = {isa = PBXFileReference; lastKnownFileType = wrapper.framework; name = UIKit.framework; path = System/Library/Frameworks/UIKit.framework; sourceTree = SDKROOT; };
		F3D2824E1B01062500B0FB2D /* HypnoNerd-Info.plist */ = {isa = PBXFileReference; lastKnownFileType = text.plist.xml; path = "HypnoNerd-Info.plist"; sourceTree = "<group>"; };
		F3D282501B01062500B0FB2D /* en */ = {isa = PBXFileReference; lastKnownFileType = text.plist.strings; name = en; path = en.lproj/InfoPlist.strings; sourceTree = "<group>"; };
		F3D282521B01062500B0FB2D /* main.m */ = {isa = PBXFileReference; lastKnownFileType = sourcecode.c.objc; path = main.m; sourceTree = "<group>"; };
		F3D282541B01062500B0FB2D /* HypnoNerd-Prefix.pch */ = {isa = PBXFileReference; lastKnownFileType = sourcecode.c.h; path = "HypnoNerd-Prefix.pch"; sourceTree = "<group>"; };
		F3D282551B01062500B0FB2D /* BNRAppDelegate.h */ = {isa = PBXFileReference; lastKnownFileType = sourcecode.c.h; path = BNRAppDelegate.h; sourceTree = "<group>"; };
		F3D282561B01062500B0FB2D /* BNRAppDelegate.m */ = {isa = PBXFileReference; lastKnownFileType = sourcecode.c.objc; path = BNRAppDelegate.m; sourceTree = "<group>"; };
		F3D282581B01062500B0FB2D /* Images.xcassets */ = {isa = PBXFileReference; lastKnownFileType = folder.assetcatalog; path = Images.xcassets; sourceTree = "<group>"; };
		F3D2825E1B01062500B0FB2D /* HypnoNerdTests.xctest */ = {isa = PBXFileReference; explicitFileType = wrapper.cfbundle; includeInIndex = 0; path = HypnoNerdTests.xctest; sourceTree = BUILT_PRODUCTS_DIR; };
		F3D2825F1B01062500B0FB2D /* XCTest.framework */ = {isa = PBXFileReference; lastKnownFileType = wrapper.framework; name = XCTest.framework; path = Library/Frameworks/XCTest.framework; sourceTree = DEVELOPER_DIR; };
		F3D282671B01062500B0FB2D /* HypnoNerdTests-Info.plist */ = {isa = PBXFileReference; lastKnownFileType = text.plist.xml; path = "HypnoNerdTests-Info.plist"; sourceTree = "<group>"; };
		F3D282691B01062500B0FB2D /* en */ = {isa = PBXFileReference; lastKnownFileType = text.plist.strings; name = en; path = en.lproj/InfoPlist.strings; sourceTree = "<group>"; };
		F3D2826B1B01062500B0FB2D /* HypnoNerdTests.m */ = {isa = PBXFileReference; lastKnownFileType = sourcecode.c.objc; path = HypnoNerdTests.m; sourceTree = "<group>"; };
		F3D282751B01067500B0FB2D /* BNRHypnosisView.h */ = {isa = PBXFileReference; fileEncoding = 4; lastKnownFileType = sourcecode.c.h; path = BNRHypnosisView.h; sourceTree = "<group>"; };
		F3D282761B01067500B0FB2D /* BNRHypnosisView.m */ = {isa = PBXFileReference; fileEncoding = 4; lastKnownFileType = sourcecode.c.objc; path = BNRHypnosisView.m; sourceTree = "<group>"; };
		F3D282781B0107EC00B0FB2D /* BNRHypnosisViewController.h */ = {isa = PBXFileReference; fileEncoding = 4; lastKnownFileType = sourcecode.c.h; path = BNRHypnosisViewController.h; sourceTree = "<group>"; };
		F3D282791B0107EC00B0FB2D /* BNRHypnosisViewController.m */ = {isa = PBXFileReference; fileEncoding = 4; lastKnownFileType = sourcecode.c.objc; path = BNRHypnosisViewController.m; sourceTree = "<group>"; };
/* End PBXFileReference section */

/* Begin PBXFrameworksBuildPhase section */
		F3D282401B01062500B0FB2D /* Frameworks */ = {
			isa = PBXFrameworksBuildPhase;
			buildActionMask = 2147483647;
			files = (
				F3D282491B01062500B0FB2D /* CoreGraphics.framework in Frameworks */,
				F3D2824B1B01062500B0FB2D /* UIKit.framework in Frameworks */,
				F3D282471B01062500B0FB2D /* Foundation.framework in Frameworks */,
			);
			runOnlyForDeploymentPostprocessing = 0;
		};
		F3D2825B1B01062500B0FB2D /* Frameworks */ = {
			isa = PBXFrameworksBuildPhase;
			buildActionMask = 2147483647;
			files = (
				F3D282601B01062500B0FB2D /* XCTest.framework in Frameworks */,
				F3D282621B01062500B0FB2D /* UIKit.framework in Frameworks */,
				F3D282611B01062500B0FB2D /* Foundation.framework in Frameworks */,
			);
			runOnlyForDeploymentPostprocessing = 0;
		};
/* End PBXFrameworksBuildPhase section */

/* Begin PBXGroup section */
		F3D2823A1B01062500B0FB2D = {
			isa = PBXGroup;
			children = (
				F3D2824C1B01062500B0FB2D /* HypnoNerd */,
				F3D282651B01062500B0FB2D /* HypnoNerdTests */,
				F3D282451B01062500B0FB2D /* Frameworks */,
				F3D282441B01062500B0FB2D /* Products */,
			);
			sourceTree = "<group>";
		};
		F3D282441B01062500B0FB2D /* Products */ = {
			isa = PBXGroup;
			children = (
				F3D282431B01062500B0FB2D /* HypnoNerd.app */,
				F3D2825E1B01062500B0FB2D /* HypnoNerdTests.xctest */,
			);
			name = Products;
			sourceTree = "<group>";
		};
		F3D282451B01062500B0FB2D /* Frameworks */ = {
			isa = PBXGroup;
			children = (
				F3D282461B01062500B0FB2D /* Foundation.framework */,
				F3D282481B01062500B0FB2D /* CoreGraphics.framework */,
				F3D2824A1B01062500B0FB2D /* UIKit.framework */,
				F3D2825F1B01062500B0FB2D /* XCTest.framework */,
			);
			name = Frameworks;
			sourceTree = "<group>";
		};
		F3D2824C1B01062500B0FB2D /* HypnoNerd */ = {
			isa = PBXGroup;
			children = (
				F3D282551B01062500B0FB2D /* BNRAppDelegate.h */,
				F3D282561B01062500B0FB2D /* BNRAppDelegate.m */,
				F3D282751B01067500B0FB2D /* BNRHypnosisView.h */,
				F3D282761B01067500B0FB2D /* BNRHypnosisView.m */,
				F3D282781B0107EC00B0FB2D /* BNRHypnosisViewController.h */,
				F3D282791B0107EC00B0FB2D /* BNRHypnosisViewController.m */,
				89EB0ACE1B095012007B9688 /* BNRQuizViewController.h */,
				89EB0ACF1B095012007B9688 /* BNRQuizViewController.m */,
				89EB0AD01B095012007B9688 /* BNRQuizViewController.xib */,
				F34B77481B010A6600BEDF05 /* BNRReminderViewController.h */,
				F34B77491B010A6600BEDF05 /* BNRReminderViewController.m */,
				F34B774B1B010B4900BEDF05 /* BNRReminderViewController.xib */,
				F3D282581B01062500B0FB2D /* Images.xcassets */,
				F3D2824D1B01062500B0FB2D /* Supporting Files */,
			);
			path = HypnoNerd;
			sourceTree = "<group>";
		};
		F3D2824D1B01062500B0FB2D /* Supporting Files */ = {
			isa = PBXGroup;
			children = (
				F3D2824E1B01062500B0FB2D /* HypnoNerd-Info.plist */,
				F3D2824F1B01062500B0FB2D /* InfoPlist.strings */,
				F3D282521B01062500B0FB2D /* main.m */,
				F3D282541B01062500B0FB2D /* HypnoNerd-Prefix.pch */,
			);
			name = "Supporting Files";
			sourceTree = "<group>";
		};
		F3D282651B01062500B0FB2D /* HypnoNerdTests */ = {
			isa = PBXGroup;
			children = (
				F3D2826B1B01062500B0FB2D /* HypnoNerdTests.m */,
				F3D282661B01062500B0FB2D /* Supporting Files */,
			);
			path = HypnoNerdTests;
			sourceTree = "<group>";
		};
		F3D282661B01062500B0FB2D /* Supporting Files */ = {
			isa = PBXGroup;
			children = (
				F3D282671B01062500B0FB2D /* HypnoNerdTests-Info.plist */,
				F3D282681B01062500B0FB2D /* InfoPlist.strings */,
			);
			name = "Supporting Files";
			sourceTree = "<group>";
		};
/* End PBXGroup section */

/* Begin PBXNativeTarget section */
		F3D282421B01062500B0FB2D /* HypnoNerd */ = {
			isa = PBXNativeTarget;
			buildConfigurationList = F3D2826F1B01062500B0FB2D /* Build configuration list for PBXNativeTarget "HypnoNerd" */;
			buildPhases = (
				F3D2823F1B01062500B0FB2D /* Sources */,
				F3D282401B01062500B0FB2D /* Frameworks */,
				F3D282411B01062500B0FB2D /* Resources */,
			);
			buildRules = (
			);
			dependencies = (
			);
			name = HypnoNerd;
			productName = HypnoNerd;
			productReference = F3D282431B01062500B0FB2D /* HypnoNerd.app */;
			productType = "com.apple.product-type.application";
		};
		F3D2825D1B01062500B0FB2D /* HypnoNerdTests */ = {
			isa = PBXNativeTarget;
			buildConfigurationList = F3D282721B01062500B0FB2D /* Build configuration list for PBXNativeTarget "HypnoNerdTests" */;
			buildPhases = (
				F3D2825A1B01062500B0FB2D /* Sources */,
				F3D2825B1B01062500B0FB2D /* Frameworks */,
				F3D2825C1B01062500B0FB2D /* Resources */,
			);
			buildRules = (
			);
			dependencies = (
				F3D282641B01062500B0FB2D /* PBXTargetDependency */,
			);
			name = HypnoNerdTests;
			productName = HypnoNerdTests;
			productReference = F3D2825E1B01062500B0FB2D /* HypnoNerdTests.xctest */;
			productType = "com.apple.product-type.bundle.unit-test";
		};
/* End PBXNativeTarget section */

/* Begin PBXProject section */
		F3D2823B1B01062500B0FB2D /* Project object */ = {
			isa = PBXProject;
			attributes = {
				CLASSPREFIX = BNR;
				LastUpgradeCheck = 0510;
				TargetAttributes = {
					F3D2825D1B01062500B0FB2D = {
						TestTargetID = F3D282421B01062500B0FB2D;
					};
				};
			};
			buildConfigurationList = F3D2823E1B01062500B0FB2D /* Build configuration list for PBXProject "HypnoNerd" */;
			compatibilityVersion = "Xcode 3.2";
			developmentRegion = English;
			hasScannedForEncodings = 0;
			knownRegions = (
				en,
			);
			mainGroup = F3D2823A1B01062500B0FB2D;
			productRefGroup = F3D282441B01062500B0FB2D /* Products */;
			projectDirPath = "";
			projectRoot = "";
			targets = (
				F3D282421B01062500B0FB2D /* HypnoNerd */,
				F3D2825D1B01062500B0FB2D /* HypnoNerdTests */,
			);
		};
/* End PBXProject section */

/* Begin PBXResourcesBuildPhase section */
		F3D282411B01062500B0FB2D /* Resources */ = {
			isa = PBXResourcesBuildPhase;
			buildActionMask = 2147483647;
			files = (
				89EB0AD21B095012007B9688 /* BNRQuizViewController.xib in Resources */,
				F34B774C1B010B4900BEDF05 /* BNRReminderViewController.xib in Resources */,
				F3D282511B01062500B0FB2D /* InfoPlist.strings in Resources */,
				F3D282591B01062500B0FB2D /* Images.xcassets in Resources */,
			);
			runOnlyForDeploymentPostprocessing = 0;
		};
		F3D2825C1B01062500B0FB2D /* Resources */ = {
			isa = PBXResourcesBuildPhase;
			buildActionMask = 2147483647;
			files = (
				F3D2826A1B01062500B0FB2D /* InfoPlist.strings in Resources */,
			);
			runOnlyForDeploymentPostprocessing = 0;
		};
/* End PBXResourcesBuildPhase section */

/* Begin PBXSourcesBuildPhase section */
		F3D2823F1B01062500B0FB2D /* Sources */ = {
			isa = PBXSourcesBuildPhase;
			buildActionMask = 2147483647;
			files = (
				F3D2827A1B0107EC00B0FB2D /* BNRHypnosisViewController.m in Sources */,
				F3D282531B01062500B0FB2D /* main.m in Sources */,
				89EB0AD11B095012007B9688 /* BNRQuizViewController.m in Sources */,
				F3D282571B01062500B0FB2D /* BNRAppDelegate.m in Sources */,
				F34B774A1B010A6600BEDF05 /* BNRReminderViewController.m in Sources */,
				F3D282771B01067500B0FB2D /* BNRHypnosisView.m in Sources */,
			);
			runOnlyForDeploymentPostprocessing = 0;
		};
		F3D2825A1B01062500B0FB2D /* Sources */ = {
			isa = PBXSourcesBuildPhase;
			buildActionMask = 2147483647;
			files = (
				F3D2826C1B01062500B0FB2D /* HypnoNerdTests.m in Sources */,
			);
			runOnlyForDeploymentPostprocessing = 0;
		};
/* End PBXSourcesBuildPhase section */

/* Begin PBXTargetDependency section */
		F3D282641B01062500B0FB2D /* PBXTargetDependency */ = {
			isa = PBXTargetDependency;
			target = F3D282421B01062500B0FB2D /* HypnoNerd */;
			targetProxy = F3D282631B01062500B0FB2D /* PBXContainerItemProxy */;
		};
/* End PBXTargetDependency section */

/* Begin PBXVariantGroup section */
		F3D2824F1B01062500B0FB2D /* InfoPlist.strings */ = {
			isa = PBXVariantGroup;
			children = (
				F3D282501B01062500B0FB2D /* en */,
			);
			name = InfoPlist.strings;
			sourceTree = "<group>";
		};
		F3D282681B01062500B0FB2D /* InfoPlist.strings */ = {
			isa = PBXVariantGroup;
			children = (
				F3D282691B01062500B0FB2D /* en */,
			);
			name = InfoPlist.strings;
			sourceTree = "<group>";
		};
/* End PBXVariantGroup section */

/* Begin XCBuildConfiguration section */
		F3D2826D1B01062500B0FB2D /* Debug */ = {
			isa = XCBuildConfiguration;
			buildSettings = {
				ALWAYS_SEARCH_USER_PATHS = NO;
				CLANG_CXX_LANGUAGE_STANDARD = "gnu++0x";
				CLANG_CXX_LIBRARY = "libc++";
				CLANG_ENABLE_MODULES = YES;
				CLANG_ENABLE_OBJC_ARC = YES;
				CLANG_WARN_BOOL_CONVERSION = YES;
				CLANG_WARN_CONSTANT_CONVERSION = YES;
				CLANG_WARN_DIRECT_OBJC_ISA_USAGE = YES_ERROR;
				CLANG_WARN_EMPTY_BODY = YES;
				CLANG_WARN_ENUM_CONVERSION = YES;
				CLANG_WARN_INT_CONVERSION = YES;
				CLANG_WARN_OBJC_ROOT_CLASS = YES_ERROR;
				CLANG_WARN__DUPLICATE_METHOD_MATCH = YES;
				"CODE_SIGN_IDENTITY[sdk=iphoneos*]" = "iPhone Developer";
				COPY_PHASE_STRIP = NO;
				GCC_C_LANGUAGE_STANDARD = gnu99;
				GCC_DYNAMIC_NO_PIC = NO;
				GCC_OPTIMIZATION_LEVEL = 0;
				GCC_PREPROCESSOR_DEFINITIONS = (
					"DEBUG=1",
					"$(inherited)",
				);
				GCC_SYMBOLS_PRIVATE_EXTERN = NO;
				GCC_WARN_64_TO_32_BIT_CONVERSION = YES;
				GCC_WARN_ABOUT_RETURN_TYPE = YES_ERROR;
				GCC_WARN_UNDECLARED_SELECTOR = YES;
				GCC_WARN_UNINITIALIZED_AUTOS = YES_AGGRESSIVE;
				GCC_WARN_UNUSED_FUNCTION = YES;
				GCC_WARN_UNUSED_VARIABLE = YES;
				IPHONEOS_DEPLOYMENT_TARGET = 7.1;
				ONLY_ACTIVE_ARCH = YES;
				SDKROOT = iphoneos;
			};
			name = Debug;
		};
		F3D2826E1B01062500B0FB2D /* Release */ = {
			isa = XCBuildConfiguration;
			buildSettings = {
				ALWAYS_SEARCH_USER_PATHS = NO;
				CLANG_CXX_LANGUAGE_STANDARD = "gnu++0x";
				CLANG_CXX_LIBRARY = "libc++";
				CLANG_ENABLE_MODULES = YES;
				CLANG_ENABLE_OBJC_ARC = YES;
				CLANG_WARN_BOOL_CONVERSION = YES;
				CLANG_WARN_CONSTANT_CONVERSION = YES;
				CLANG_WARN_DIRECT_OBJC_ISA_USAGE = YES_ERROR;
				CLANG_WARN_EMPTY_BODY = YES;
				CLANG_WARN_ENUM_CONVERSION = YES;
				CLANG_WARN_INT_CONVERSION = YES;
				CLANG_WARN_OBJC_ROOT_CLASS = YES_ERROR;
				CLANG_WARN__DUPLICATE_METHOD_MATCH = YES;
				"CODE_SIGN_IDENTITY[sdk=iphoneos*]" = "iPhone Developer";
				COPY_PHASE_STRIP = YES;
				ENABLE_NS_ASSERTIONS = NO;
				GCC_C_LANGUAGE_STANDARD = gnu99;
				GCC_WARN_64_TO_32_BIT_CONVERSION = YES;
				GCC_WARN_ABOUT_RETURN_TYPE = YES_ERROR;
				GCC_WARN_UNDECLARED_SELECTOR = YES;
				GCC_WARN_UNINITIALIZED_AUTOS = YES_AGGRESSIVE;
				GCC_WARN_UNUSED_FUNCTION = YES;
				GCC_WARN_UNUSED_VARIABLE = YES;
				IPHONEOS_DEPLOYMENT_TARGET = 7.1;
				SDKROOT = iphoneos;
				VALIDATE_PRODUCT = YES;
			};
			name = Release;
		};
		F3D282701B01062500B0FB2D /* Debug */ = {
			isa = XCBuildConfiguration;
			buildSettings = {
				ASSETCATALOG_COMPILER_APPICON_NAME = AppIcon;
				ASSETCATALOG_COMPILER_LAUNCHIMAGE_NAME = LaunchImage;
				GCC_PRECOMPILE_PREFIX_HEADER = YES;
				GCC_PREFIX_HEADER = "HypnoNerd/HypnoNerd-Prefix.pch";
				INFOPLIST_FILE = "HypnoNerd/HypnoNerd-Info.plist";
				PRODUCT_NAME = "$(TARGET_NAME)";
				WRAPPER_EXTENSION = app;
			};
			name = Debug;
		};
		F3D282711B01062500B0FB2D /* Release */ = {
			isa = XCBuildConfiguration;
			buildSettings = {
				ASSETCATALOG_COMPILER_APPICON_NAME = AppIcon;
				ASSETCATALOG_COMPILER_LAUNCHIMAGE_NAME = LaunchImage;
				GCC_PRECOMPILE_PREFIX_HEADER = YES;
				GCC_PREFIX_HEADER = "HypnoNerd/HypnoNerd-Prefix.pch";
				INFOPLIST_FILE = "HypnoNerd/HypnoNerd-Info.plist";
				PRODUCT_NAME = "$(TARGET_NAME)";
				WRAPPER_EXTENSION = app;
			};
			name = Release;
		};
		F3D282731B01062500B0FB2D /* Debug */ = {
			isa = XCBuildConfiguration;
			buildSettings = {
				BUNDLE_LOADER = "$(BUILT_PRODUCTS_DIR)/HypnoNerd.app/HypnoNerd";
				FRAMEWORK_SEARCH_PATHS = (
					"$(SDKROOT)/Developer/Library/Frameworks",
					"$(inherited)",
					"$(DEVELOPER_FRAMEWORKS_DIR)",
				);
				GCC_PRECOMPILE_PREFIX_HEADER = YES;
				GCC_PREFIX_HEADER = "HypnoNerd/HypnoNerd-Prefix.pch";
				GCC_PREPROCESSOR_DEFINITIONS = (
					"DEBUG=1",
					"$(inherited)",
				);
				INFOPLIST_FILE = "HypnoNerdTests/HypnoNerdTests-Info.plist";
				PRODUCT_NAME = "$(TARGET_NAME)";
				TEST_HOST = "$(BUNDLE_LOADER)";
				WRAPPER_EXTENSION = xctest;
			};
			name = Debug;
		};
		F3D282741B01062500B0FB2D /* Release */ = {
			isa = XCBuildConfiguration;
			buildSettings = {
				BUNDLE_LOADER = "$(BUILT_PRODUCTS_DIR)/HypnoNerd.app/HypnoNerd";
				FRAMEWORK_SEARCH_PATHS = (
					"$(SDKROOT)/Developer/Library/Frameworks",
					"$(inherited)",
					"$(DEVELOPER_FRAMEWORKS_DIR)",
				);
				GCC_PRECOMPILE_PREFIX_HEADER = YES;
				GCC_PREFIX_HEADER = "HypnoNerd/HypnoNerd-Prefix.pch";
				INFOPLIST_FILE = "HypnoNerdTests/HypnoNerdTests-Info.plist";
				PRODUCT_NAME = "$(TARGET_NAME)";
				TEST_HOST = "$(BUNDLE_LOADER)";
				WRAPPER_EXTENSION = xctest;
			};
			name = Release;
		};
/* End XCBuildConfiguration section */

/* Begin XCConfigurationList section */
		F3D2823E1B01062500B0FB2D /* Build configuration list for PBXProject "HypnoNerd" */ = {
			isa = XCConfigurationList;
			buildConfigurations = (
				F3D2826D1B01062500B0FB2D /* Debug */,
				F3D2826E1B01062500B0FB2D /* Release */,
			);
			defaultConfigurationIsVisible = 0;
			defaultConfigurationName = Release;
		};
		F3D2826F1B01062500B0FB2D /* Build configuration list for PBXNativeTarget "HypnoNerd" */ = {
			isa = XCConfigurationList;
			buildConfigurations = (
				F3D282701B01062500B0FB2D /* Debug */,
				F3D282711B01062500B0FB2D /* Release */,
			);
			defaultConfigurationIsVisible = 0;
			defaultConfigurationName = Release;
		};
		F3D282721B01062500B0FB2D /* Build configuration list for PBXNativeTarget "HypnoNerdTests" */ = {
			isa = XCConfigurationList;
			buildConfigurations = (
				F3D282731B01062500B0FB2D /* Debug */,
				F3D282741B01062500B0FB2D /* Release */,
			);
			defaultConfigurationIsVisible = 0;
			defaultConfigurationName = Release;
		};
/* End XCConfigurationList section */
	};
	rootObject = F3D2823B1B01062500B0FB2D /* Project object */;
}
